// !$*UTF8*$!
{
	archiveVersion = 1;
	classes = {
	};
	objectVersion = 55;
	objects = {

/* Begin PBXBuildFile section */
		EE4AE7112873015800C01C35 /* AppDelegate.swift in Sources */ = {isa = PBXBuildFile; fileRef = EE4AE7102873015800C01C35 /* AppDelegate.swift */; };
		EE4AE7132873015800C01C35 /* SceneDelegate.swift in Sources */ = {isa = PBXBuildFile; fileRef = EE4AE7122873015800C01C35 /* SceneDelegate.swift */; };
		EE4AE7152873015800C01C35 /* LossesListViewController.swift in Sources */ = {isa = PBXBuildFile; fileRef = EE4AE7142873015800C01C35 /* LossesListViewController.swift */; };
		EE4AE71A2873015A00C01C35 /* Assets.xcassets in Resources */ = {isa = PBXBuildFile; fileRef = EE4AE7192873015A00C01C35 /* Assets.xcassets */; };
		EE4AE71D2873015A00C01C35 /* LaunchScreen.storyboard in Resources */ = {isa = PBXBuildFile; fileRef = EE4AE71B2873015A00C01C35 /* LaunchScreen.storyboard */; };
		EE4AE7272873056F00C01C35 /* LossesListViewModel.swift in Sources */ = {isa = PBXBuildFile; fileRef = EE4AE7262873056F00C01C35 /* LossesListViewModel.swift */; };
		EE4AE7292873057E00C01C35 /* LossesListModel.swift in Sources */ = {isa = PBXBuildFile; fileRef = EE4AE7282873057E00C01C35 /* LossesListModel.swift */; };
		EE4AE72B2873058E00C01C35 /* LossesListModule.swift in Sources */ = {isa = PBXBuildFile; fileRef = EE4AE72A2873058E00C01C35 /* LossesListModule.swift */; };
		EE4AE72E2874C9BF00C01C35 /* Technique.swift in Sources */ = {isa = PBXBuildFile; fileRef = EE4AE72D2874C9BF00C01C35 /* Technique.swift */; };
		EE4AE7302876115500C01C35 /* Human.swift in Sources */ = {isa = PBXBuildFile; fileRef = EE4AE72F2876115500C01C35 /* Human.swift */; };
		EEAA19F02882C73E00DD5F34 /* EnemyLossesCollectionViewCell.swift in Sources */ = {isa = PBXBuildFile; fileRef = EEAA19EF2882C73E00DD5F34 /* EnemyLossesCollectionViewCell.swift */; };
/* End PBXBuildFile section */

/* Begin PBXFileReference section */
		EE4AE70D2873015800C01C35 /* EnemyLosses.app */ = {isa = PBXFileReference; explicitFileType = wrapper.application; includeInIndex = 0; path = EnemyLosses.app; sourceTree = BUILT_PRODUCTS_DIR; };
		EE4AE7102873015800C01C35 /* AppDelegate.swift */ = {isa = PBXFileReference; lastKnownFileType = sourcecode.swift; path = AppDelegate.swift; sourceTree = "<group>"; };
		EE4AE7122873015800C01C35 /* SceneDelegate.swift */ = {isa = PBXFileReference; lastKnownFileType = sourcecode.swift; path = SceneDelegate.swift; sourceTree = "<group>"; };
		EE4AE7142873015800C01C35 /* LossesListViewController.swift */ = {isa = PBXFileReference; lastKnownFileType = sourcecode.swift; path = LossesListViewController.swift; sourceTree = "<group>"; };
		EE4AE7192873015A00C01C35 /* Assets.xcassets */ = {isa = PBXFileReference; lastKnownFileType = folder.assetcatalog; path = Assets.xcassets; sourceTree = "<group>"; };
		EE4AE71C2873015A00C01C35 /* Base */ = {isa = PBXFileReference; lastKnownFileType = file.storyboard; name = Base; path = Base.lproj/LaunchScreen.storyboard; sourceTree = "<group>"; };
		EE4AE71E2873015A00C01C35 /* Info.plist */ = {isa = PBXFileReference; lastKnownFileType = text.plist.xml; path = Info.plist; sourceTree = "<group>"; };
		EE4AE7262873056F00C01C35 /* LossesListViewModel.swift */ = {isa = PBXFileReference; lastKnownFileType = sourcecode.swift; path = LossesListViewModel.swift; sourceTree = "<group>"; };
		EE4AE7282873057E00C01C35 /* LossesListModel.swift */ = {isa = PBXFileReference; lastKnownFileType = sourcecode.swift; path = LossesListModel.swift; sourceTree = "<group>"; };
		EE4AE72A2873058E00C01C35 /* LossesListModule.swift */ = {isa = PBXFileReference; lastKnownFileType = sourcecode.swift; path = LossesListModule.swift; sourceTree = "<group>"; };
		EE4AE72D2874C9BF00C01C35 /* Technique.swift */ = {isa = PBXFileReference; lastKnownFileType = sourcecode.swift; path = Technique.swift; sourceTree = "<group>"; };
		EE4AE72F2876115500C01C35 /* Human.swift */ = {isa = PBXFileReference; lastKnownFileType = sourcecode.swift; path = Human.swift; sourceTree = "<group>"; };
		EEAA19EF2882C73E00DD5F34 /* EnemyLossesCollectionViewCell.swift */ = {isa = PBXFileReference; lastKnownFileType = sourcecode.swift; path = EnemyLossesCollectionViewCell.swift; sourceTree = "<group>"; };
/* End PBXFileReference section */

/* Begin PBXFrameworksBuildPhase section */
		EE4AE70A2873015800C01C35 /* Frameworks */ = {
			isa = PBXFrameworksBuildPhase;
			buildActionMask = 2147483647;
			files = (
			);
			runOnlyForDeploymentPostprocessing = 0;
		};
/* End PBXFrameworksBuildPhase section */

/* Begin PBXGroup section */
		EE4AE7042873015800C01C35 = {
			isa = PBXGroup;
			children = (
				EE4AE70F2873015800C01C35 /* EnemyLosses */,
				EE4AE70E2873015800C01C35 /* Products */,
			);
			sourceTree = "<group>";
		};
		EE4AE70E2873015800C01C35 /* Products */ = {
			isa = PBXGroup;
			children = (
				EE4AE70D2873015800C01C35 /* EnemyLosses.app */,
			);
			name = Products;
			sourceTree = "<group>";
		};
		EE4AE70F2873015800C01C35 /* EnemyLosses */ = {
			isa = PBXGroup;
			children = (
				EE4AE7102873015800C01C35 /* AppDelegate.swift */,
				EE4AE7122873015800C01C35 /* SceneDelegate.swift */,
				EE4AE72C2874C98000C01C35 /* Entities */,
				EE4AE7242873026800C01C35 /* Modules */,
				EE4AE7192873015A00C01C35 /* Assets.xcassets */,
				EE4AE71B2873015A00C01C35 /* LaunchScreen.storyboard */,
				EE4AE71E2873015A00C01C35 /* Info.plist */,
			);
			path = EnemyLosses;
			sourceTree = "<group>";
		};
		EE4AE7242873026800C01C35 /* Modules */ = {
			isa = PBXGroup;
			children = (
				EE4AE7252873051700C01C35 /* Viewes */,
				EE4AE7142873015800C01C35 /* LossesListViewController.swift */,
				EE4AE7262873056F00C01C35 /* LossesListViewModel.swift */,
				EE4AE7282873057E00C01C35 /* LossesListModel.swift */,
				EE4AE72A2873058E00C01C35 /* LossesListModule.swift */,
			);
			path = Modules;
			sourceTree = "<group>";
		};
		EE4AE7252873051700C01C35 /* Viewes */ = {
			isa = PBXGroup;
			children = (
				EEAA19EF2882C73E00DD5F34 /* EnemyLossesCollectionViewCell.swift */,
			);
			path = Viewes;
			sourceTree = "<group>";
		};
		EE4AE72C2874C98000C01C35 /* Entities */ = {
			isa = PBXGroup;
			children = (
				EE4AE72D2874C9BF00C01C35 /* Technique.swift */,
				EE4AE72F2876115500C01C35 /* Human.swift */,
			);
			path = Entities;
			sourceTree = "<group>";
		};
/* End PBXGroup section */

/* Begin PBXNativeTarget section */
		EE4AE70C2873015800C01C35 /* EnemyLosses */ = {
			isa = PBXNativeTarget;
			buildConfigurationList = EE4AE7212873015A00C01C35 /* Build configuration list for PBXNativeTarget "EnemyLosses" */;
			buildPhases = (
				EE4AE7092873015800C01C35 /* Sources */,
				EE4AE70A2873015800C01C35 /* Frameworks */,
				EE4AE70B2873015800C01C35 /* Resources */,
			);
			buildRules = (
			);
			dependencies = (
			);
			name = EnemyLosses;
			productName = EnemyLosses;
			productReference = EE4AE70D2873015800C01C35 /* EnemyLosses.app */;
			productType = "com.apple.product-type.application";
		};
/* End PBXNativeTarget section */

/* Begin PBXProject section */
		EE4AE7052873015800C01C35 /* Project object */ = {
			isa = PBXProject;
			attributes = {
				BuildIndependentTargetsInParallel = 1;
				LastSwiftUpdateCheck = 1320;
				LastUpgradeCheck = 1320;
				TargetAttributes = {
					EE4AE70C2873015800C01C35 = {
						CreatedOnToolsVersion = 13.2.1;
					};
				};
			};
			buildConfigurationList = EE4AE7082873015800C01C35 /* Build configuration list for PBXProject "EnemyLosses" */;
			compatibilityVersion = "Xcode 13.0";
			developmentRegion = en;
			hasScannedForEncodings = 0;
			knownRegions = (
				en,
				Base,
			);
			mainGroup = EE4AE7042873015800C01C35;
			productRefGroup = EE4AE70E2873015800C01C35 /* Products */;
			projectDirPath = "";
			projectRoot = "";
			targets = (
				EE4AE70C2873015800C01C35 /* EnemyLosses */,
			);
		};
/* End PBXProject section */

/* Begin PBXResourcesBuildPhase section */
		EE4AE70B2873015800C01C35 /* Resources */ = {
			isa = PBXResourcesBuildPhase;
			buildActionMask = 2147483647;
			files = (
				EE4AE71D2873015A00C01C35 /* LaunchScreen.storyboard in Resources */,
				EE4AE71A2873015A00C01C35 /* Assets.xcassets in Resources */,
			);
			runOnlyForDeploymentPostprocessing = 0;
		};
/* End PBXResourcesBuildPhase section */

/* Begin PBXSourcesBuildPhase section */
		EE4AE7092873015800C01C35 /* Sources */ = {
			isa = PBXSourcesBuildPhase;
			buildActionMask = 2147483647;
			files = (
				EE4AE72B2873058E00C01C35 /* LossesListModule.swift in Sources */,
				EE4AE7152873015800C01C35 /* LossesListViewController.swift in Sources */,
				EE4AE7292873057E00C01C35 /* LossesListModel.swift in Sources */,
				EE4AE72E2874C9BF00C01C35 /* Technique.swift in Sources */,
				EEAA19F02882C73E00DD5F34 /* EnemyLossesCollectionViewCell.swift in Sources */,
				EE4AE7272873056F00C01C35 /* LossesListViewModel.swift in Sources */,
				EE4AE7112873015800C01C35 /* AppDelegate.swift in Sources */,
				EE4AE7132873015800C01C35 /* SceneDelegate.swift in Sources */,
				EE4AE7302876115500C01C35 /* Human.swift in Sources */,
			);
			runOnlyForDeploymentPostprocessing = 0;
		};
/* End PBXSourcesBuildPhase section */

/* Begin PBXVariantGroup section */
		EE4AE71B2873015A00C01C35 /* LaunchScreen.storyboard */ = {
			isa = PBXVariantGroup;
			children = (
				EE4AE71C2873015A00C01C35 /* Base */,
			);
			name = LaunchScreen.storyboard;
			sourceTree = "<group>";
		};
/* End PBXVariantGroup section */

/* Begin XCBuildConfiguration section */
		EE4AE71F2873015A00C01C35 /* Debug */ = {
			isa = XCBuildConfiguration;
			buildSettings = {
				ALWAYS_SEARCH_USER_PATHS = NO;
				CLANG_ANALYZER_NONNULL = YES;
				CLANG_ANALYZER_NUMBER_OBJECT_CONVERSION = YES_AGGRESSIVE;
				CLANG_CXX_LANGUAGE_STANDARD = "gnu++17";
				CLANG_CXX_LIBRARY = "libc++";
				CLANG_ENABLE_MODULES = YES;
				CLANG_ENABLE_OBJC_ARC = YES;
				CLANG_ENABLE_OBJC_WEAK = YES;
				CLANG_WARN_BLOCK_CAPTURE_AUTORELEASING = YES;
				CLANG_WARN_BOOL_CONVERSION = YES;
				CLANG_WARN_COMMA = YES;
				CLANG_WARN_CONSTANT_CONVERSION = YES;
				CLANG_WARN_DEPRECATED_OBJC_IMPLEMENTATIONS = YES;
				CLANG_WARN_DIRECT_OBJC_ISA_USAGE = YES_ERROR;
				CLANG_WARN_DOCUMENTATION_COMMENTS = YES;
				CLANG_WARN_EMPTY_BODY = YES;
				CLANG_WARN_ENUM_CONVERSION = YES;
				CLANG_WARN_INFINITE_RECURSION = YES;
				CLANG_WARN_INT_CONVERSION = YES;
				CLANG_WARN_NON_LITERAL_NULL_CONVERSION = YES;
				CLANG_WARN_OBJC_IMPLICIT_RETAIN_SELF = YES;
				CLANG_WARN_OBJC_LITERAL_CONVERSION = YES;
				CLANG_WARN_OBJC_ROOT_CLASS = YES_ERROR;
				CLANG_WARN_QUOTED_INCLUDE_IN_FRAMEWORK_HEADER = YES;
				CLANG_WARN_RANGE_LOOP_ANALYSIS = YES;
				CLANG_WARN_STRICT_PROTOTYPES = YES;
				CLANG_WARN_SUSPICIOUS_MOVE = YES;
				CLANG_WARN_UNGUARDED_AVAILABILITY = YES_AGGRESSIVE;
				CLANG_WARN_UNREACHABLE_CODE = YES;
				CLANG_WARN__DUPLICATE_METHOD_MATCH = YES;
				COPY_PHASE_STRIP = NO;
				DEBUG_INFORMATION_FORMAT = dwarf;
				ENABLE_STRICT_OBJC_MSGSEND = YES;
				ENABLE_TESTABILITY = YES;
				GCC_C_LANGUAGE_STANDARD = gnu11;
				GCC_DYNAMIC_NO_PIC = NO;
				GCC_NO_COMMON_BLOCKS = YES;
				GCC_OPTIMIZATION_LEVEL = 0;
				GCC_PREPROCESSOR_DEFINITIONS = (
					"DEBUG=1",
					"$(inherited)",
				);
				GCC_WARN_64_TO_32_BIT_CONVERSION = YES;
				GCC_WARN_ABOUT_RETURN_TYPE = YES_ERROR;
				GCC_WARN_UNDECLARED_SELECTOR = YES;
				GCC_WARN_UNINITIALIZED_AUTOS = YES_AGGRESSIVE;
				GCC_WARN_UNUSED_FUNCTION = YES;
				GCC_WARN_UNUSED_VARIABLE = YES;
				IPHONEOS_DEPLOYMENT_TARGET = 15.2;
				MTL_ENABLE_DEBUG_INFO = INCLUDE_SOURCE;
				MTL_FAST_MATH = YES;
				ONLY_ACTIVE_ARCH = YES;
				SDKROOT = iphoneos;
				SWIFT_ACTIVE_COMPILATION_CONDITIONS = DEBUG;
				SWIFT_OPTIMIZATION_LEVEL = "-Onone";
			};
			name = Debug;
		};
		EE4AE7202873015A00C01C35 /* Release */ = {
			isa = XCBuildConfiguration;
			buildSettings = {
				ALWAYS_SEARCH_USER_PATHS = NO;
				CLANG_ANALYZER_NONNULL = YES;
				CLANG_ANALYZER_NUMBER_OBJECT_CONVERSION = YES_AGGRESSIVE;
				CLANG_CXX_LANGUAGE_STANDARD = "gnu++17";
				CLANG_CXX_LIBRARY = "libc++";
				CLANG_ENABLE_MODULES = YES;
				CLANG_ENABLE_OBJC_ARC = YES;
				CLANG_ENABLE_OBJC_WEAK = YES;
				CLANG_WARN_BLOCK_CAPTURE_AUTORELEASING = YES;
				CLANG_WARN_BOOL_CONVERSION = YES;
				CLANG_WARN_COMMA = YES;
				CLANG_WARN_CONSTANT_CONVERSION = YES;
				CLANG_WARN_DEPRECATED_OBJC_IMPLEMENTATIONS = YES;
				CLANG_WARN_DIRECT_OBJC_ISA_USAGE = YES_ERROR;
				CLANG_WARN_DOCUMENTATION_COMMENTS = YES;
				CLANG_WARN_EMPTY_BODY = YES;
				CLANG_WARN_ENUM_CONVERSION = YES;
				CLANG_WARN_INFINITE_RECURSION = YES;
				CLANG_WARN_INT_CONVERSION = YES;
				CLANG_WARN_NON_LITERAL_NULL_CONVERSION = YES;
				CLANG_WARN_OBJC_IMPLICIT_RETAIN_SELF = YES;
				CLANG_WARN_OBJC_LITERAL_CONVERSION = YES;
				CLANG_WARN_OBJC_ROOT_CLASS = YES_ERROR;
				CLANG_WARN_QUOTED_INCLUDE_IN_FRAMEWORK_HEADER = YES;
				CLANG_WARN_RANGE_LOOP_ANALYSIS = YES;
				CLANG_WARN_STRICT_PROTOTYPES = YES;
				CLANG_WARN_SUSPICIOUS_MOVE = YES;
				CLANG_WARN_UNGUARDED_AVAILABILITY = YES_AGGRESSIVE;
				CLANG_WARN_UNREACHABLE_CODE = YES;
				CLANG_WARN__DUPLICATE_METHOD_MATCH = YES;
				COPY_PHASE_STRIP = NO;
				DEBUG_INFORMATION_FORMAT = "dwarf-with-dsym";
				ENABLE_NS_ASSERTIONS = NO;
				ENABLE_STRICT_OBJC_MSGSEND = YES;
				GCC_C_LANGUAGE_STANDARD = gnu11;
				GCC_NO_COMMON_BLOCKS = YES;
				GCC_WARN_64_TO_32_BIT_CONVERSION = YES;
				GCC_WARN_ABOUT_RETURN_TYPE = YES_ERROR;
				GCC_WARN_UNDECLARED_SELECTOR = YES;
				GCC_WARN_UNINITIALIZED_AUTOS = YES_AGGRESSIVE;
				GCC_WARN_UNUSED_FUNCTION = YES;
				GCC_WARN_UNUSED_VARIABLE = YES;
				IPHONEOS_DEPLOYMENT_TARGET = 15.2;
				MTL_ENABLE_DEBUG_INFO = NO;
				MTL_FAST_MATH = YES;
				SDKROOT = iphoneos;
				SWIFT_COMPILATION_MODE = wholemodule;
				SWIFT_OPTIMIZATION_LEVEL = "-O";
				VALIDATE_PRODUCT = YES;
			};
			name = Release;
		};
		EE4AE7222873015A00C01C35 /* Debug */ = {
			isa = XCBuildConfiguration;
			buildSettings = {
				ASSETCATALOG_COMPILER_APPICON_NAME = AppIcon;
				ASSETCATALOG_COMPILER_GLOBAL_ACCENT_COLOR_NAME = AccentColor;
				CODE_SIGN_STYLE = Automatic;
				CURRENT_PROJECT_VERSION = 1;
				GENERATE_INFOPLIST_FILE = YES;
				INFOPLIST_FILE = EnemyLosses/Info.plist;
				INFOPLIST_KEY_UIApplicationSupportsIndirectInputEvents = YES;
				INFOPLIST_KEY_UILaunchStoryboardName = LaunchScreen;
				INFOPLIST_KEY_UISupportedInterfaceOrientations_iPad = "UIInterfaceOrientationPortrait UIInterfaceOrientationPortraitUpsideDown UIInterfaceOrientationLandscapeLeft UIInterfaceOrientationLandscapeRight";
				INFOPLIST_KEY_UISupportedInterfaceOrientations_iPhone = "UIInterfaceOrientationPortrait UIInterfaceOrientationLandscapeLeft UIInterfaceOrientationLandscapeRight";
				LD_RUNPATH_SEARCH_PATHS = (
					"$(inherited)",
					"@executable_path/Frameworks",
				);
				MARKETING_VERSION = 1.0;
				PRODUCT_BUNDLE_IDENTIFIER = polya.com.EnemyLosses;
				PRODUCT_NAME = "$(TARGET_NAME)";
				SWIFT_EMIT_LOC_STRINGS = YES;
				SWIFT_VERSION = 5.0;
				TARGETED_DEVICE_FAMILY = "1,2";
			};
			name = Debug;
		};
		EE4AE7232873015A00C01C35 /* Release */ = {
			isa = XCBuildConfiguration;
			buildSettings = {
				ASSETCATALOG_COMPILER_APPICON_NAME = AppIcon;
				ASSETCATALOG_COMPILER_GLOBAL_ACCENT_COLOR_NAME = AccentColor;
				CODE_SIGN_STYLE = Automatic;
				CURRENT_PROJECT_VERSION = 1;
				GENERATE_INFOPLIST_FILE = YES;
				INFOPLIST_FILE = EnemyLosses/Info.plist;
				INFOPLIST_KEY_UIApplicationSupportsIndirectInputEvents = YES;
				INFOPLIST_KEY_UILaunchStoryboardName = LaunchScreen;
				INFOPLIST_KEY_UISupportedInterfaceOrientations_iPad = "UIInterfaceOrientationPortrait UIInterfaceOrientationPortraitUpsideDown UIInterfaceOrientationLandscapeLeft UIInterfaceOrientationLandscapeRight";
				INFOPLIST_KEY_UISupportedInterfaceOrientations_iPhone = "UIInterfaceOrientationPortrait UIInterfaceOrientationLandscapeLeft UIInterfaceOrientationLandscapeRight";
				LD_RUNPATH_SEARCH_PATHS = (
					"$(inherited)",
					"@executable_path/Frameworks",
				);
				MARKETING_VERSION = 1.0;
				PRODUCT_BUNDLE_IDENTIFIER = polya.com.EnemyLosses;
				PRODUCT_NAME = "$(TARGET_NAME)";
				SWIFT_EMIT_LOC_STRINGS = YES;
				SWIFT_VERSION = 5.0;
				TARGETED_DEVICE_FAMILY = "1,2";
			};
			name = Release;
		};
/* End XCBuildConfiguration section */

/* Begin XCConfigurationList section */
		EE4AE7082873015800C01C35 /* Build configuration list for PBXProject "EnemyLosses" */ = {
			isa = XCConfigurationList;
			buildConfigurations = (
				EE4AE71F2873015A00C01C35 /* Debug */,
				EE4AE7202873015A00C01C35 /* Release */,
			);
			defaultConfigurationIsVisible = 0;
			defaultConfigurationName = Release;
		};
		EE4AE7212873015A00C01C35 /* Build configuration list for PBXNativeTarget "EnemyLosses" */ = {
			isa = XCConfigurationList;
			buildConfigurations = (
				EE4AE7222873015A00C01C35 /* Debug */,
				EE4AE7232873015A00C01C35 /* Release */,
			);
			defaultConfigurationIsVisible = 0;
			defaultConfigurationName = Release;
		};
/* End XCConfigurationList section */
	};
	rootObject = EE4AE7052873015800C01C35 /* Project object */;
}
